
Microsoft Visual Studio Solution File, Format Version 12.00
# Visual Studio Version 16
VisualStudioVersion = 16.0.33801.447
MinimumVisualStudioVersion = 10.0.40219.1
Project("{FAE04EC0-301F-11D3-BF4B-00C04F79EFBC}") = "LoginApp", "LoginApp.csproj", "{5197FB65-D46C-46C9-946F-76F5267F5E4F}"
EndProject
Global
	GlobalSection(SolutionConfigurationPlatforms) = preSolution
		Debug|Any CPU = Debug|Any CPU
		Release|Any CPU = Release|Any CPU
	EndGlobalSection
	GlobalSection(ProjectConfigurationPlatforms) = postSolution
		{5197FB65-D46C-46C9-946F-76F5267F5E4F}.Debug|Any CPU.ActiveCfg = Debug|Any CPU
		{5197FB65-D46C-46C9-946F-76F5267F5E4F}.Debug|Any CPU.Build.0 = Debug|Any CPU
		{5197FB65-D46C-46C9-946F-76F5267F5E4F}.Release|Any CPU.ActiveCfg = Release|Any CPU
		{5197FB65-D46C-46C9-946F-76F5267F5E4F}.Release|Any CPU.Build.0 = Release|Any CPU
	EndGlobalSection
	GlobalSection(SolutionProperties) = preSolution
		HideSolutionNode = FALSE
	EndGlobalSection
	GlobalSection(ExtensibilityGlobals) = postSolution
		SolutionGuid = {185E0E24-0C19-432B-BFC4-52B3D804CE65}
	EndGlobalSection
EndGlobal
